// !$*UTF8*$!
{
	archiveVersion = 1;
	classes = {
	};
	objectVersion = 55;
	objects = {

/* Begin PBXBuildFile section */
		7983AEF4276B7E0C00FC4301 /* AppDelegate.swift in Sources */ = {isa = PBXBuildFile; fileRef = 7983AEF3276B7E0C00FC4301 /* AppDelegate.swift */; };
		7983AEF6276B7E0C00FC4301 /* SceneDelegate.swift in Sources */ = {isa = PBXBuildFile; fileRef = 7983AEF5276B7E0C00FC4301 /* SceneDelegate.swift */; };
		7983AEF8276B7E0C00FC4301 /* ViewController.swift in Sources */ = {isa = PBXBuildFile; fileRef = 7983AEF7276B7E0C00FC4301 /* ViewController.swift */; };
		7983AEFB276B7E0D00FC4301 /* Main.storyboard in Resources */ = {isa = PBXBuildFile; fileRef = 7983AEF9276B7E0D00FC4301 /* Main.storyboard */; };
		7983AEFD276B7E2700FC4301 /* Assets.xcassets in Resources */ = {isa = PBXBuildFile; fileRef = 7983AEFC276B7E2700FC4301 /* Assets.xcassets */; };
		7983AF00276B7E2700FC4301 /* LaunchScreen.storyboard in Resources */ = {isa = PBXBuildFile; fileRef = 7983AEFE276B7E2700FC4301 /* LaunchScreen.storyboard */; };
		79842AAC2786563400391AC7 /* CoreDataModels.xcdatamodeld in Sources */ = {isa = PBXBuildFile; fileRef = 79842AAA2786563400391AC7 /* CoreDataModels.xcdatamodeld */; };
		7990F5D1276F70130066EDC6 /* DayViewController.swift in Sources */ = {isa = PBXBuildFile; fileRef = 7990F5D0276F70130066EDC6 /* DayViewController.swift */; };
		7990F5D3276F91BD0066EDC6 /* DateViewController.swift in Sources */ = {isa = PBXBuildFile; fileRef = 7990F5D2276F91BD0066EDC6 /* DateViewController.swift */; };
		799C1D4627831B0600AC954F /* Utils.swift in Sources */ = {isa = PBXBuildFile; fileRef = 799C1D4527831B0600AC954F /* Utils.swift */; };
		79AD23EE2791CD2F00DC21F5 /* Calendar+CoreDataClass.swift in Sources */ = {isa = PBXBuildFile; fileRef = 79AD23EA2791CD2F00DC21F5 /* Calendar+CoreDataClass.swift */; };
		79AD23EF2791CD2F00DC21F5 /* Calendar+CoreDataProperties.swift in Sources */ = {isa = PBXBuildFile; fileRef = 79AD23EB2791CD2F00DC21F5 /* Calendar+CoreDataProperties.swift */; };
		79AD23F02791CD2F00DC21F5 /* DateEvent+CoreDataClass.swift in Sources */ = {isa = PBXBuildFile; fileRef = 79AD23EC2791CD2F00DC21F5 /* DateEvent+CoreDataClass.swift */; };
		79AD23F12791CD2F00DC21F5 /* DateEvent+CoreDataProperties.swift in Sources */ = {isa = PBXBuildFile; fileRef = 79AD23ED2791CD2F00DC21F5 /* DateEvent+CoreDataProperties.swift */; };
		79C2BFD02779EFFC009A104A /* ViewClasses.swift in Sources */ = {isa = PBXBuildFile; fileRef = 79C2BFCF2779EFFC009A104A /* ViewClasses.swift */; };
		7CFC950A279CA3A50094A3C2 /* DateEditViewController.swift in Sources */ = {isa = PBXBuildFile; fileRef = 7CFC9509279CA3A50094A3C2 /* DateEditViewController.swift */; };
/* End PBXBuildFile section */

/* Begin PBXFileReference section */
		7983AEF0276B7E0C00FC4301 /* iOSProject.app */ = {isa = PBXFileReference; explicitFileType = wrapper.application; includeInIndex = 0; path = iOSProject.app; sourceTree = BUILT_PRODUCTS_DIR; };
		7983AEF3276B7E0C00FC4301 /* AppDelegate.swift */ = {isa = PBXFileReference; lastKnownFileType = sourcecode.swift; path = AppDelegate.swift; sourceTree = "<group>"; };
		7983AEF5276B7E0C00FC4301 /* SceneDelegate.swift */ = {isa = PBXFileReference; lastKnownFileType = sourcecode.swift; path = SceneDelegate.swift; sourceTree = "<group>"; };
		7983AEF7276B7E0C00FC4301 /* ViewController.swift */ = {isa = PBXFileReference; lastKnownFileType = sourcecode.swift; path = ViewController.swift; sourceTree = "<group>"; };
		7983AEFA276B7E0D00FC4301 /* Base */ = {isa = PBXFileReference; lastKnownFileType = file.storyboard; name = Base; path = Base.lproj/Main.storyboard; sourceTree = "<group>"; };
		7983AEFC276B7E2700FC4301 /* Assets.xcassets */ = {isa = PBXFileReference; lastKnownFileType = folder.assetcatalog; path = Assets.xcassets; sourceTree = "<group>"; };
		7983AEFF276B7E2700FC4301 /* Base */ = {isa = PBXFileReference; lastKnownFileType = file.storyboard; name = Base; path = Base.lproj/LaunchScreen.storyboard; sourceTree = "<group>"; };
		7983AF01276B7E2700FC4301 /* Info.plist */ = {isa = PBXFileReference; lastKnownFileType = text.plist.xml; path = Info.plist; sourceTree = "<group>"; };
		79842AAB2786563400391AC7 /* CoreDataModels.xcdatamodel */ = {isa = PBXFileReference; lastKnownFileType = wrapper.xcdatamodel; path = CoreDataModels.xcdatamodel; sourceTree = "<group>"; };
		7990F5D0276F70130066EDC6 /* DayViewController.swift */ = {isa = PBXFileReference; lastKnownFileType = sourcecode.swift; path = DayViewController.swift; sourceTree = "<group>"; };
		7990F5D2276F91BD0066EDC6 /* DateViewController.swift */ = {isa = PBXFileReference; lastKnownFileType = sourcecode.swift; path = DateViewController.swift; sourceTree = "<group>"; };
		799C1D4527831B0600AC954F /* Utils.swift */ = {isa = PBXFileReference; lastKnownFileType = sourcecode.swift; path = Utils.swift; sourceTree = "<group>"; };
		79AD23EA2791CD2F00DC21F5 /* Calendar+CoreDataClass.swift */ = {isa = PBXFileReference; lastKnownFileType = sourcecode.swift; path = "Calendar+CoreDataClass.swift"; sourceTree = SOURCE_ROOT; };
		79AD23EB2791CD2F00DC21F5 /* Calendar+CoreDataProperties.swift */ = {isa = PBXFileReference; lastKnownFileType = sourcecode.swift; path = "Calendar+CoreDataProperties.swift"; sourceTree = SOURCE_ROOT; };
		79AD23EC2791CD2F00DC21F5 /* DateEvent+CoreDataClass.swift */ = {isa = PBXFileReference; lastKnownFileType = sourcecode.swift; path = "DateEvent+CoreDataClass.swift"; sourceTree = SOURCE_ROOT; };
		79AD23ED2791CD2F00DC21F5 /* DateEvent+CoreDataProperties.swift */ = {isa = PBXFileReference; lastKnownFileType = sourcecode.swift; path = "DateEvent+CoreDataProperties.swift"; sourceTree = SOURCE_ROOT; };
		79C2BFCF2779EFFC009A104A /* ViewClasses.swift */ = {isa = PBXFileReference; lastKnownFileType = sourcecode.swift; path = ViewClasses.swift; sourceTree = "<group>"; };
		7CFC9509279CA3A50094A3C2 /* DateEditViewController.swift */ = {isa = PBXFileReference; lastKnownFileType = sourcecode.swift; path = DateEditViewController.swift; sourceTree = SOURCE_ROOT; };
/* End PBXFileReference section */

/* Begin PBXFrameworksBuildPhase section */
		7983AEED276B7E0C00FC4301 /* Frameworks */ = {
			isa = PBXFrameworksBuildPhase;
			buildActionMask = 2147483647;
			files = (
			);
			runOnlyForDeploymentPostprocessing = 0;
		};
/* End PBXFrameworksBuildPhase section */

/* Begin PBXGroup section */
		7983AEE7276B7E0C00FC4301 = {
			isa = PBXGroup;
			children = (
				7983AEF2276B7E0C00FC4301 /* iOSProject */,
				7983AEF1276B7E0C00FC4301 /* Products */,
			);
			sourceTree = "<group>";
		};
		7983AEF1276B7E0C00FC4301 /* Products */ = {
			isa = PBXGroup;
			children = (
				7983AEF0276B7E0C00FC4301 /* iOSProject.app */,
			);
			name = Products;
			sourceTree = "<group>";
		};
		7983AEF2276B7E0C00FC4301 /* iOSProject */ = {
			isa = PBXGroup;
			children = (
				79C2BFCE2779EF93009A104A /* Utils */,
				7983AEF3276B7E0C00FC4301 /* AppDelegate.swift */,
				7983AEF5276B7E0C00FC4301 /* SceneDelegate.swift */,
				7983AEF7276B7E0C00FC4301 /* ViewController.swift */,
				7983AEF9276B7E0D00FC4301 /* Main.storyboard */,
				7983AEFC276B7E2700FC4301 /* Assets.xcassets */,
				7983AEFE276B7E2700FC4301 /* LaunchScreen.storyboard */,
				7983AF01276B7E2700FC4301 /* Info.plist */,
				7990F5CF276F6FD60066EDC6 /* Views */,
				79842AA92786560E00391AC7 /* Models */,
			);
			path = iOSProject;
			sourceTree = "<group>";
		};
		79842AA92786560E00391AC7 /* Models */ = {
			isa = PBXGroup;
			children = (
				79AD23EA2791CD2F00DC21F5 /* Calendar+CoreDataClass.swift */,
				79AD23EB2791CD2F00DC21F5 /* Calendar+CoreDataProperties.swift */,
				79AD23EC2791CD2F00DC21F5 /* DateEvent+CoreDataClass.swift */,
				79AD23ED2791CD2F00DC21F5 /* DateEvent+CoreDataProperties.swift */,
				79842AAA2786563400391AC7 /* CoreDataModels.xcdatamodeld */,
			);
			path = Models;
			sourceTree = "<group>";
		};
		7990F5CF276F6FD60066EDC6 /* Views */ = {
			isa = PBXGroup;
			children = (
				7CFC9509279CA3A50094A3C2 /* DateEditViewController.swift */,
				7990F5D0276F70130066EDC6 /* DayViewController.swift */,
				7990F5D2276F91BD0066EDC6 /* DateViewController.swift */,
			);
			path = Views;
			sourceTree = "<group>";
		};
		79C2BFCE2779EF93009A104A /* Utils */ = {
			isa = PBXGroup;
			children = (
				79C2BFCF2779EFFC009A104A /* ViewClasses.swift */,
				799C1D4527831B0600AC954F /* Utils.swift */,
			);
			path = Utils;
			sourceTree = "<group>";
		};
/* End PBXGroup section */

/* Begin PBXNativeTarget section */
		7983AEEF276B7E0C00FC4301 /* iOSProject */ = {
			isa = PBXNativeTarget;
			buildConfigurationList = 7983AF04276B7E2700FC4301 /* Build configuration list for PBXNativeTarget "iOSProject" */;
			buildPhases = (
				79109C7D27839FA700E45DC9 /* ShellScript */,
				7983AEEC276B7E0C00FC4301 /* Sources */,
				7983AEED276B7E0C00FC4301 /* Frameworks */,
				7983AEEE276B7E0C00FC4301 /* Resources */,
			);
			buildRules = (
			);
			dependencies = (
			);
			name = iOSProject;
			productName = iOSProject;
			productReference = 7983AEF0276B7E0C00FC4301 /* iOSProject.app */;
			productType = "com.apple.product-type.application";
		};
/* End PBXNativeTarget section */

/* Begin PBXProject section */
		7983AEE8276B7E0C00FC4301 /* Project object */ = {
			isa = PBXProject;
			attributes = {
				BuildIndependentTargetsInParallel = 1;
				LastSwiftUpdateCheck = 1310;
				LastUpgradeCheck = 1310;
				TargetAttributes = {
					7983AEEF276B7E0C00FC4301 = {
						CreatedOnToolsVersion = 13.1;
					};
				};
			};
			buildConfigurationList = 7983AEEB276B7E0C00FC4301 /* Build configuration list for PBXProject "iOSProject" */;
			compatibilityVersion = "Xcode 13.0";
			developmentRegion = en;
			hasScannedForEncodings = 0;
			knownRegions = (
				en,
				Base,
			);
			mainGroup = 7983AEE7276B7E0C00FC4301;
			productRefGroup = 7983AEF1276B7E0C00FC4301 /* Products */;
			projectDirPath = "";
			projectRoot = "";
			targets = (
				7983AEEF276B7E0C00FC4301 /* iOSProject */,
			);
		};
/* End PBXProject section */

/* Begin PBXResourcesBuildPhase section */
		7983AEEE276B7E0C00FC4301 /* Resources */ = {
			isa = PBXResourcesBuildPhase;
			buildActionMask = 2147483647;
			files = (
				7983AF00276B7E2700FC4301 /* LaunchScreen.storyboard in Resources */,
				7983AEFD276B7E2700FC4301 /* Assets.xcassets in Resources */,
				7983AEFB276B7E0D00FC4301 /* Main.storyboard in Resources */,
			);
			runOnlyForDeploymentPostprocessing = 0;
		};
/* End PBXResourcesBuildPhase section */

/* Begin PBXShellScriptBuildPhase section */
		79109C7D27839FA700E45DC9 /* ShellScript */ = {
			isa = PBXShellScriptBuildPhase;
			buildActionMask = 2147483647;
			files = (
			);
			inputFileListPaths = (
			);
			inputPaths = (
			);
			outputFileListPaths = (
			);
			outputPaths = (
			);
			runOnlyForDeploymentPostprocessing = 0;
			shellPath = /bin/sh;
			shellScript = "TAGS=\"TODO: |FIXME: \"\necho \"searching ${SRCROOT} for ${TAGS}\"\nfind \"${SRCROOT}\" \\( -name \"*.swift\" \\) -print0 \\\n    | xargs -0 egrep --with-filename --line-number --only-matching \"($TAGS).*\\$\" \\\n    | perl -p -e \"s/($TAGS)/ warning: \\$1/\"\n";
		};
/* End PBXShellScriptBuildPhase section */

/* Begin PBXSourcesBuildPhase section */
		7983AEEC276B7E0C00FC4301 /* Sources */ = {
			isa = PBXSourcesBuildPhase;
			buildActionMask = 2147483647;
			files = (
				79AD23F12791CD2F00DC21F5 /* DateEvent+CoreDataProperties.swift in Sources */,
				79AD23F02791CD2F00DC21F5 /* DateEvent+CoreDataClass.swift in Sources */,
				7990F5D3276F91BD0066EDC6 /* DateViewController.swift in Sources */,
				7983AEF8276B7E0C00FC4301 /* ViewController.swift in Sources */,
				7CFC950A279CA3A50094A3C2 /* DateEditViewController.swift in Sources */,
				7983AEF4276B7E0C00FC4301 /* AppDelegate.swift in Sources */,
				7983AEF6276B7E0C00FC4301 /* SceneDelegate.swift in Sources */,
				79AD23EE2791CD2F00DC21F5 /* Calendar+CoreDataClass.swift in Sources */,
				79842AAC2786563400391AC7 /* CoreDataModels.xcdatamodeld in Sources */,
				7990F5D1276F70130066EDC6 /* DayViewController.swift in Sources */,
				79AD23EF2791CD2F00DC21F5 /* Calendar+CoreDataProperties.swift in Sources */,
				79C2BFD02779EFFC009A104A /* ViewClasses.swift in Sources */,
				799C1D4627831B0600AC954F /* Utils.swift in Sources */,
			);
			runOnlyForDeploymentPostprocessing = 0;
		};
/* End PBXSourcesBuildPhase section */

/* Begin PBXVariantGroup section */
		7983AEF9276B7E0D00FC4301 /* Main.storyboard */ = {
			isa = PBXVariantGroup;
			children = (
				7983AEFA276B7E0D00FC4301 /* Base */,
			);
			name = Main.storyboard;
			sourceTree = "<group>";
		};
		7983AEFE276B7E2700FC4301 /* LaunchScreen.storyboard */ = {
			isa = PBXVariantGroup;
			children = (
				7983AEFF276B7E2700FC4301 /* Base */,
			);
			name = LaunchScreen.storyboard;
			sourceTree = "<group>";
		};
/* End PBXVariantGroup section */

/* Begin XCBuildConfiguration section */
		7983AF02276B7E2700FC4301 /* Debug */ = {
			isa = XCBuildConfiguration;
			buildSettings = {
				ALWAYS_SEARCH_USER_PATHS = NO;
				CLANG_ANALYZER_NONNULL = YES;
				CLANG_ANALYZER_NUMBER_OBJECT_CONVERSION = YES_AGGRESSIVE;
				CLANG_CXX_LANGUAGE_STANDARD = "gnu++17";
				CLANG_CXX_LIBRARY = "libc++";
				CLANG_ENABLE_MODULES = YES;
				CLANG_ENABLE_OBJC_ARC = YES;
				CLANG_ENABLE_OBJC_WEAK = YES;
				CLANG_WARN_BLOCK_CAPTURE_AUTORELEASING = YES;
				CLANG_WARN_BOOL_CONVERSION = YES;
				CLANG_WARN_COMMA = YES;
				CLANG_WARN_CONSTANT_CONVERSION = YES;
				CLANG_WARN_DEPRECATED_OBJC_IMPLEMENTATIONS = YES;
				CLANG_WARN_DIRECT_OBJC_ISA_USAGE = YES_ERROR;
				CLANG_WARN_DOCUMENTATION_COMMENTS = YES;
				CLANG_WARN_EMPTY_BODY = YES;
				CLANG_WARN_ENUM_CONVERSION = YES;
				CLANG_WARN_INFINITE_RECURSION = YES;
				CLANG_WARN_INT_CONVERSION = YES;
				CLANG_WARN_NON_LITERAL_NULL_CONVERSION = YES;
				CLANG_WARN_OBJC_IMPLICIT_RETAIN_SELF = YES;
				CLANG_WARN_OBJC_LITERAL_CONVERSION = YES;
				CLANG_WARN_OBJC_ROOT_CLASS = YES_ERROR;
				CLANG_WARN_QUOTED_INCLUDE_IN_FRAMEWORK_HEADER = YES;
				CLANG_WARN_RANGE_LOOP_ANALYSIS = YES;
				CLANG_WARN_STRICT_PROTOTYPES = YES;
				CLANG_WARN_SUSPICIOUS_MOVE = YES;
				CLANG_WARN_UNGUARDED_AVAILABILITY = YES_AGGRESSIVE;
				CLANG_WARN_UNREACHABLE_CODE = YES;
				CLANG_WARN__DUPLICATE_METHOD_MATCH = YES;
				COPY_PHASE_STRIP = NO;
				DEBUG_INFORMATION_FORMAT = dwarf;
				ENABLE_STRICT_OBJC_MSGSEND = YES;
				ENABLE_TESTABILITY = YES;
				GCC_C_LANGUAGE_STANDARD = gnu11;
				GCC_DYNAMIC_NO_PIC = NO;
				GCC_NO_COMMON_BLOCKS = YES;
				GCC_OPTIMIZATION_LEVEL = 0;
				GCC_PREPROCESSOR_DEFINITIONS = (
					"DEBUG=1",
					"$(inherited)",
				);
				GCC_WARN_64_TO_32_BIT_CONVERSION = YES;
				GCC_WARN_ABOUT_RETURN_TYPE = YES_ERROR;
				GCC_WARN_UNDECLARED_SELECTOR = YES;
				GCC_WARN_UNINITIALIZED_AUTOS = YES_AGGRESSIVE;
				GCC_WARN_UNUSED_FUNCTION = YES;
				GCC_WARN_UNUSED_VARIABLE = YES;
				IPHONEOS_DEPLOYMENT_TARGET = 15.0;
				MTL_ENABLE_DEBUG_INFO = INCLUDE_SOURCE;
				MTL_FAST_MATH = YES;
				ONLY_ACTIVE_ARCH = YES;
				SDKROOT = iphoneos;
				SWIFT_ACTIVE_COMPILATION_CONDITIONS = DEBUG;
				SWIFT_OPTIMIZATION_LEVEL = "-Onone";
			};
			name = Debug;
		};
		7983AF03276B7E2700FC4301 /* Release */ = {
			isa = XCBuildConfiguration;
			buildSettings = {
				ALWAYS_SEARCH_USER_PATHS = NO;
				CLANG_ANALYZER_NONNULL = YES;
				CLANG_ANALYZER_NUMBER_OBJECT_CONVERSION = YES_AGGRESSIVE;
				CLANG_CXX_LANGUAGE_STANDARD = "gnu++17";
				CLANG_CXX_LIBRARY = "libc++";
				CLANG_ENABLE_MODULES = YES;
				CLANG_ENABLE_OBJC_ARC = YES;
				CLANG_ENABLE_OBJC_WEAK = YES;
				CLANG_WARN_BLOCK_CAPTURE_AUTORELEASING = YES;
				CLANG_WARN_BOOL_CONVERSION = YES;
				CLANG_WARN_COMMA = YES;
				CLANG_WARN_CONSTANT_CONVERSION = YES;
				CLANG_WARN_DEPRECATED_OBJC_IMPLEMENTATIONS = YES;
				CLANG_WARN_DIRECT_OBJC_ISA_USAGE = YES_ERROR;
				CLANG_WARN_DOCUMENTATION_COMMENTS = YES;
				CLANG_WARN_EMPTY_BODY = YES;
				CLANG_WARN_ENUM_CONVERSION = YES;
				CLANG_WARN_INFINITE_RECURSION = YES;
				CLANG_WARN_INT_CONVERSION = YES;
				CLANG_WARN_NON_LITERAL_NULL_CONVERSION = YES;
				CLANG_WARN_OBJC_IMPLICIT_RETAIN_SELF = YES;
				CLANG_WARN_OBJC_LITERAL_CONVERSION = YES;
				CLANG_WARN_OBJC_ROOT_CLASS = YES_ERROR;
				CLANG_WARN_QUOTED_INCLUDE_IN_FRAMEWORK_HEADER = YES;
				CLANG_WARN_RANGE_LOOP_ANALYSIS = YES;
				CLANG_WARN_STRICT_PROTOTYPES = YES;
				CLANG_WARN_SUSPICIOUS_MOVE = YES;
				CLANG_WARN_UNGUARDED_AVAILABILITY = YES_AGGRESSIVE;
				CLANG_WARN_UNREACHABLE_CODE = YES;
				CLANG_WARN__DUPLICATE_METHOD_MATCH = YES;
				COPY_PHASE_STRIP = NO;
				DEBUG_INFORMATION_FORMAT = "dwarf-with-dsym";
				ENABLE_NS_ASSERTIONS = NO;
				ENABLE_STRICT_OBJC_MSGSEND = YES;
				GCC_C_LANGUAGE_STANDARD = gnu11;
				GCC_NO_COMMON_BLOCKS = YES;
				GCC_WARN_64_TO_32_BIT_CONVERSION = YES;
				GCC_WARN_ABOUT_RETURN_TYPE = YES_ERROR;
				GCC_WARN_UNDECLARED_SELECTOR = YES;
				GCC_WARN_UNINITIALIZED_AUTOS = YES_AGGRESSIVE;
				GCC_WARN_UNUSED_FUNCTION = YES;
				GCC_WARN_UNUSED_VARIABLE = YES;
				IPHONEOS_DEPLOYMENT_TARGET = 15.0;
				MTL_ENABLE_DEBUG_INFO = NO;
				MTL_FAST_MATH = YES;
				SDKROOT = iphoneos;
				SWIFT_COMPILATION_MODE = wholemodule;
				SWIFT_OPTIMIZATION_LEVEL = "-O";
				VALIDATE_PRODUCT = YES;
			};
			name = Release;
		};
		7983AF05276B7E2700FC4301 /* Debug */ = {
			isa = XCBuildConfiguration;
			buildSettings = {
				ASSETCATALOG_COMPILER_APPICON_NAME = AppIcon;
				ASSETCATALOG_COMPILER_GLOBAL_ACCENT_COLOR_NAME = AccentColor;
				CODE_SIGN_STYLE = Automatic;
				CURRENT_PROJECT_VERSION = 1;
				DEVELOPMENT_TEAM = 2929VWU3PU;
				GENERATE_INFOPLIST_FILE = YES;
				INFOPLIST_FILE = iOSProject/Info.plist;
				INFOPLIST_KEY_UIApplicationSupportsIndirectInputEvents = YES;
				INFOPLIST_KEY_UILaunchStoryboardName = LaunchScreen;
				INFOPLIST_KEY_UIMainStoryboardFile = Main;
				INFOPLIST_KEY_UISupportedInterfaceOrientations_iPad = "UIInterfaceOrientationPortrait UIInterfaceOrientationPortraitUpsideDown UIInterfaceOrientationLandscapeLeft UIInterfaceOrientationLandscapeRight";
				INFOPLIST_KEY_UISupportedInterfaceOrientations_iPhone = "UIInterfaceOrientationPortrait UIInterfaceOrientationLandscapeLeft UIInterfaceOrientationLandscapeRight";
				LD_RUNPATH_SEARCH_PATHS = (
					"$(inherited)",
					"@executable_path/Frameworks",
				);
				MARKETING_VERSION = 1.0;
				PRODUCT_BUNDLE_IDENTIFIER = com.ThisIsATestDomain2.iOSProject;
				PRODUCT_NAME = "$(TARGET_NAME)";
				SWIFT_EMIT_LOC_STRINGS = YES;
				SWIFT_VERSION = 5.0;
				TARGETED_DEVICE_FAMILY = "1,2";
			};
			name = Debug;
		};
		7983AF06276B7E2700FC4301 /* Release */ = {
			isa = XCBuildConfiguration;
			buildSettings = {
				ASSETCATALOG_COMPILER_APPICON_NAME = AppIcon;
				ASSETCATALOG_COMPILER_GLOBAL_ACCENT_COLOR_NAME = AccentColor;
				CODE_SIGN_STYLE = Automatic;
				CURRENT_PROJECT_VERSION = 1;
				DEVELOPMENT_TEAM = 2929VWU3PU;
				GENERATE_INFOPLIST_FILE = YES;
				INFOPLIST_FILE = iOSProject/Info.plist;
				INFOPLIST_KEY_UIApplicationSupportsIndirectInputEvents = YES;
				INFOPLIST_KEY_UILaunchStoryboardName = LaunchScreen;
				INFOPLIST_KEY_UIMainStoryboardFile = Main;
				INFOPLIST_KEY_UISupportedInterfaceOrientations_iPad = "UIInterfaceOrientationPortrait UIInterfaceOrientationPortraitUpsideDown UIInterfaceOrientationLandscapeLeft UIInterfaceOrientationLandscapeRight";
				INFOPLIST_KEY_UISupportedInterfaceOrientations_iPhone = "UIInterfaceOrientationPortrait UIInterfaceOrientationLandscapeLeft UIInterfaceOrientationLandscapeRight";
				LD_RUNPATH_SEARCH_PATHS = (
					"$(inherited)",
					"@executable_path/Frameworks",
				);
				MARKETING_VERSION = 1.0;
				PRODUCT_BUNDLE_IDENTIFIER = com.ThisIsATestDomain2.iOSProject;
				PRODUCT_NAME = "$(TARGET_NAME)";
				SWIFT_EMIT_LOC_STRINGS = YES;
				SWIFT_VERSION = 5.0;
				TARGETED_DEVICE_FAMILY = "1,2";
			};
			name = Release;
		};
/* End XCBuildConfiguration section */

/* Begin XCConfigurationList section */
		7983AEEB276B7E0C00FC4301 /* Build configuration list for PBXProject "iOSProject" */ = {
			isa = XCConfigurationList;
			buildConfigurations = (
				7983AF02276B7E2700FC4301 /* Debug */,
				7983AF03276B7E2700FC4301 /* Release */,
			);
			defaultConfigurationIsVisible = 0;
			defaultConfigurationName = Release;
		};
		7983AF04276B7E2700FC4301 /* Build configuration list for PBXNativeTarget "iOSProject" */ = {
			isa = XCConfigurationList;
			buildConfigurations = (
				7983AF05276B7E2700FC4301 /* Debug */,
				7983AF06276B7E2700FC4301 /* Release */,
			);
			defaultConfigurationIsVisible = 0;
			defaultConfigurationName = Release;
		};
/* End XCConfigurationList section */

/* Begin XCVersionGroup section */
		79842AAA2786563400391AC7 /* CoreDataModels.xcdatamodeld */ = {
			isa = XCVersionGroup;
			children = (
				79842AAB2786563400391AC7 /* CoreDataModels.xcdatamodel */,
			);
			currentVersion = 79842AAB2786563400391AC7 /* CoreDataModels.xcdatamodel */;
			path = CoreDataModels.xcdatamodeld;
			sourceTree = "<group>";
			versionGroupType = wrapper.xcdatamodel;
		};
/* End XCVersionGroup section */
	};
	rootObject = 7983AEE8276B7E0C00FC4301 /* Project object */;
}
